// !$*UTF8*$!
{
	archiveVersion = 1;
	classes = {
	};
	objectVersion = 48;
	objects = {

/* Begin PBXBuildFile section */
		587BA4A61F7ED0FF00CA022F /* AppDelegate.swift in Sources */ = {isa = PBXBuildFile; fileRef = 587BA4A51F7ED0FF00CA022F /* AppDelegate.swift */; };
		587BA4A81F7ED0FF00CA022F /* ViewController.swift in Sources */ = {isa = PBXBuildFile; fileRef = 587BA4A71F7ED0FF00CA022F /* ViewController.swift */; };
		587BA4AB1F7ED0FF00CA022F /* Main.storyboard in Resources */ = {isa = PBXBuildFile; fileRef = 587BA4A91F7ED0FF00CA022F /* Main.storyboard */; };
		587BA4AD1F7ED0FF00CA022F /* Assets.xcassets in Resources */ = {isa = PBXBuildFile; fileRef = 587BA4AC1F7ED0FF00CA022F /* Assets.xcassets */; };
		587BA4B01F7ED0FF00CA022F /* LaunchScreen.storyboard in Resources */ = {isa = PBXBuildFile; fileRef = 587BA4AE1F7ED0FF00CA022F /* LaunchScreen.storyboard */; };
		587BA4B81F7ED27200CA022F /* TableViewController.swift in Sources */ = {isa = PBXBuildFile; fileRef = 587BA4B71F7ED27200CA022F /* TableViewController.swift */; };
		587BA4BA1F7ED27D00CA022F /* Post.swift in Sources */ = {isa = PBXBuildFile; fileRef = 587BA4B91F7ED27D00CA022F /* Post.swift */; };
		BF66DFA4547388C6BF20F721 /* Pods_IP67_Desafio_Posts.framework in Frameworks */ = {isa = PBXBuildFile; fileRef = 50EF7419AB3FAEBA1C9EABE9 /* Pods_IP67_Desafio_Posts.framework */; };
/* End PBXBuildFile section */

/* Begin PBXFileReference section */
		310B75ACA67A62BAF76A3945 /* Pods-IP67-Desafio-Posts.debug.xcconfig */ = {isa = PBXFileReference; includeInIndex = 1; lastKnownFileType = text.xcconfig; name = "Pods-IP67-Desafio-Posts.debug.xcconfig"; path = "Pods/Target Support Files/Pods-IP67-Desafio-Posts/Pods-IP67-Desafio-Posts.debug.xcconfig"; sourceTree = "<group>"; };
		50EF7419AB3FAEBA1C9EABE9 /* Pods_IP67_Desafio_Posts.framework */ = {isa = PBXFileReference; explicitFileType = wrapper.framework; includeInIndex = 0; path = Pods_IP67_Desafio_Posts.framework; sourceTree = BUILT_PRODUCTS_DIR; };
		587BA4A21F7ED0FF00CA022F /* IP67-Desafio-Posts.app */ = {isa = PBXFileReference; explicitFileType = wrapper.application; includeInIndex = 0; path = "IP67-Desafio-Posts.app"; sourceTree = BUILT_PRODUCTS_DIR; };
		587BA4A51F7ED0FF00CA022F /* AppDelegate.swift */ = {isa = PBXFileReference; lastKnownFileType = sourcecode.swift; path = AppDelegate.swift; sourceTree = "<group>"; };
		587BA4A71F7ED0FF00CA022F /* ViewController.swift */ = {isa = PBXFileReference; lastKnownFileType = sourcecode.swift; path = ViewController.swift; sourceTree = "<group>"; };
		587BA4AA1F7ED0FF00CA022F /* Base */ = {isa = PBXFileReference; lastKnownFileType = file.storyboard; name = Base; path = Base.lproj/Main.storyboard; sourceTree = "<group>"; };
		587BA4AC1F7ED0FF00CA022F /* Assets.xcassets */ = {isa = PBXFileReference; lastKnownFileType = folder.assetcatalog; path = Assets.xcassets; sourceTree = "<group>"; };
		587BA4AF1F7ED0FF00CA022F /* Base */ = {isa = PBXFileReference; lastKnownFileType = file.storyboard; name = Base; path = Base.lproj/LaunchScreen.storyboard; sourceTree = "<group>"; };
		587BA4B11F7ED0FF00CA022F /* Info.plist */ = {isa = PBXFileReference; lastKnownFileType = text.plist.xml; path = Info.plist; sourceTree = "<group>"; };
		587BA4B71F7ED27200CA022F /* TableViewController.swift */ = {isa = PBXFileReference; lastKnownFileType = sourcecode.swift; path = TableViewController.swift; sourceTree = "<group>"; };
		587BA4B91F7ED27D00CA022F /* Post.swift */ = {isa = PBXFileReference; lastKnownFileType = sourcecode.swift; path = Post.swift; sourceTree = "<group>"; };
		AE2FCD2970A3833A8739661F /* Pods-IP67-Desafio-Posts.release.xcconfig */ = {isa = PBXFileReference; includeInIndex = 1; lastKnownFileType = text.xcconfig; name = "Pods-IP67-Desafio-Posts.release.xcconfig"; path = "Pods/Target Support Files/Pods-IP67-Desafio-Posts/Pods-IP67-Desafio-Posts.release.xcconfig"; sourceTree = "<group>"; };
/* End PBXFileReference section */

/* Begin PBXFrameworksBuildPhase section */
		587BA49F1F7ED0FF00CA022F /* Frameworks */ = {
			isa = PBXFrameworksBuildPhase;
			buildActionMask = 2147483647;
			files = (
				BF66DFA4547388C6BF20F721 /* Pods_IP67_Desafio_Posts.framework in Frameworks */,
			);
			runOnlyForDeploymentPostprocessing = 0;
		};
/* End PBXFrameworksBuildPhase section */

/* Begin PBXGroup section */
		336D66E45F29F0DABE652604 /* Frameworks */ = {
			isa = PBXGroup;
			children = (
				50EF7419AB3FAEBA1C9EABE9 /* Pods_IP67_Desafio_Posts.framework */,
			);
			name = Frameworks;
			sourceTree = "<group>";
		};
		587BA4991F7ED0FF00CA022F = {
			isa = PBXGroup;
			children = (
				587BA4A41F7ED0FF00CA022F /* IP67-Desafio-Posts */,
				587BA4A31F7ED0FF00CA022F /* Products */,
				E387BE64228564F95CEB4D23 /* Pods */,
				336D66E45F29F0DABE652604 /* Frameworks */,
			);
			sourceTree = "<group>";
		};
		587BA4A31F7ED0FF00CA022F /* Products */ = {
			isa = PBXGroup;
			children = (
				587BA4A21F7ED0FF00CA022F /* IP67-Desafio-Posts.app */,
			);
			name = Products;
			sourceTree = "<group>";
		};
		587BA4A41F7ED0FF00CA022F /* IP67-Desafio-Posts */ = {
			isa = PBXGroup;
			children = (
				587BA4A51F7ED0FF00CA022F /* AppDelegate.swift */,
				587BA4A71F7ED0FF00CA022F /* ViewController.swift */,
				587BA4A91F7ED0FF00CA022F /* Main.storyboard */,
				587BA4AC1F7ED0FF00CA022F /* Assets.xcassets */,
				587BA4AE1F7ED0FF00CA022F /* LaunchScreen.storyboard */,
				587BA4B11F7ED0FF00CA022F /* Info.plist */,
				587BA4B71F7ED27200CA022F /* TableViewController.swift */,
				587BA4B91F7ED27D00CA022F /* Post.swift */,
			);
			path = "IP67-Desafio-Posts";
			sourceTree = "<group>";
		};
		E387BE64228564F95CEB4D23 /* Pods */ = {
			isa = PBXGroup;
			children = (
				310B75ACA67A62BAF76A3945 /* Pods-IP67-Desafio-Posts.debug.xcconfig */,
				AE2FCD2970A3833A8739661F /* Pods-IP67-Desafio-Posts.release.xcconfig */,
			);
			name = Pods;
			sourceTree = "<group>";
		};
/* End PBXGroup section */

/* Begin PBXNativeTarget section */
		587BA4A11F7ED0FF00CA022F /* IP67-Desafio-Posts */ = {
			isa = PBXNativeTarget;
			buildConfigurationList = 587BA4B41F7ED0FF00CA022F /* Build configuration list for PBXNativeTarget "IP67-Desafio-Posts" */;
			buildPhases = (
				87AA7FAC6B0B1E2DAA64E96D /* [CP] Check Pods Manifest.lock */,
				587BA49E1F7ED0FF00CA022F /* Sources */,
				587BA49F1F7ED0FF00CA022F /* Frameworks */,
				587BA4A01F7ED0FF00CA022F /* Resources */,
				F55F36AE7CF99C7F19C767BD /* [CP] Embed Pods Frameworks */,
				8FCD4FB08B20F94889D2738C /* [CP] Copy Pods Resources */,
			);
			buildRules = (
			);
			dependencies = (
			);
			name = "IP67-Desafio-Posts";
			productName = "IP67-Desafio-Posts";
			productReference = 587BA4A21F7ED0FF00CA022F /* IP67-Desafio-Posts.app */;
			productType = "com.apple.product-type.application";
		};
/* End PBXNativeTarget section */

/* Begin PBXProject section */
		587BA49A1F7ED0FF00CA022F /* Project object */ = {
			isa = PBXProject;
			attributes = {
				LastSwiftUpdateCheck = 0900;
				LastUpgradeCheck = 0900;
				ORGANIZATIONNAME = Nando;
				TargetAttributes = {
					587BA4A11F7ED0FF00CA022F = {
						CreatedOnToolsVersion = 9.0;
						ProvisioningStyle = Automatic;
					};
				};
			};
			buildConfigurationList = 587BA49D1F7ED0FF00CA022F /* Build configuration list for PBXProject "IP67-Desafio-Posts" */;
			compatibilityVersion = "Xcode 8.0";
			developmentRegion = en;
			hasScannedForEncodings = 0;
			knownRegions = (
				en,
				Base,
			);
			mainGroup = 587BA4991F7ED0FF00CA022F;
			productRefGroup = 587BA4A31F7ED0FF00CA022F /* Products */;
			projectDirPath = "";
			projectRoot = "";
			targets = (
				587BA4A11F7ED0FF00CA022F /* IP67-Desafio-Posts */,
			);
		};
/* End PBXProject section */

/* Begin PBXResourcesBuildPhase section */
		587BA4A01F7ED0FF00CA022F /* Resources */ = {
			isa = PBXResourcesBuildPhase;
			buildActionMask = 2147483647;
			files = (
				587BA4B01F7ED0FF00CA022F /* LaunchScreen.storyboard in Resources */,
				587BA4AD1F7ED0FF00CA022F /* Assets.xcassets in Resources */,
				587BA4AB1F7ED0FF00CA022F /* Main.storyboard in Resources */,
			);
			runOnlyForDeploymentPostprocessing = 0;
		};
/* End PBXResourcesBuildPhase section */

/* Begin PBXShellScriptBuildPhase section */
		87AA7FAC6B0B1E2DAA64E96D /* [CP] Check Pods Manifest.lock */ = {
			isa = PBXShellScriptBuildPhase;
			buildActionMask = 2147483647;
			files = (
			);
			inputPaths = (
			);
			name = "[CP] Check Pods Manifest.lock";
			outputPaths = (
			);
			runOnlyForDeploymentPostprocessing = 0;
			shellPath = /bin/sh;
			shellScript = "diff \"${PODS_ROOT}/../Podfile.lock\" \"${PODS_ROOT}/Manifest.lock\" > /dev/null\nif [ $? != 0 ] ; then\n    # print error to STDERR\n    echo \"error: The sandbox is not in sync with the Podfile.lock. Run 'pod install' or update your CocoaPods installation.\" >&2\n    exit 1\nfi\n";
			showEnvVarsInLog = 0;
		};
		8FCD4FB08B20F94889D2738C /* [CP] Copy Pods Resources */ = {
			isa = PBXShellScriptBuildPhase;
			buildActionMask = 2147483647;
			files = (
			);
			inputPaths = (
			);
			name = "[CP] Copy Pods Resources";
			outputPaths = (
			);
			runOnlyForDeploymentPostprocessing = 0;
			shellPath = /bin/sh;
			shellScript = "\"${SRCROOT}/Pods/Target Support Files/Pods-IP67-Desafio-Posts/Pods-IP67-Desafio-Posts-resources.sh\"\n";
			showEnvVarsInLog = 0;
		};
		F55F36AE7CF99C7F19C767BD /* [CP] Embed Pods Frameworks */ = {
			isa = PBXShellScriptBuildPhase;
			buildActionMask = 2147483647;
			files = (
			);
			inputPaths = (
			);
			name = "[CP] Embed Pods Frameworks";
			outputPaths = (
			);
			runOnlyForDeploymentPostprocessing = 0;
			shellPath = /bin/sh;
			shellScript = "\"${SRCROOT}/Pods/Target Support Files/Pods-IP67-Desafio-Posts/Pods-IP67-Desafio-Posts-frameworks.sh\"\n";
			showEnvVarsInLog = 0;
		};
/* End PBXShellScriptBuildPhase section */

/* Begin PBXSourcesBuildPhase section */
		587BA49E1F7ED0FF00CA022F /* Sources */ = {
			isa = PBXSourcesBuildPhase;
			buildActionMask = 2147483647;
			files = (
				587BA4A81F7ED0FF00CA022F /* ViewController.swift in Sources */,
				587BA4B81F7ED27200CA022F /* TableViewController.swift in Sources */,
				587BA4A61F7ED0FF00CA022F /* AppDelegate.swift in Sources */,
				587BA4BA1F7ED27D00CA022F /* Post.swift in Sources */,
			);
			runOnlyForDeploymentPostprocessing = 0;
		};
/* End PBXSourcesBuildPhase section */

/* Begin PBXVariantGroup section */
		587BA4A91F7ED0FF00CA022F /* Main.storyboard */ = {
			isa = PBXVariantGroup;
			children = (
				587BA4AA1F7ED0FF00CA022F /* Base */,
			);
			name = Main.storyboard;
			sourceTree = "<group>";
		};
		587BA4AE1F7ED0FF00CA022F /* LaunchScreen.storyboard */ = {
			isa = PBXVariantGroup;
			children = (
				587BA4AF1F7ED0FF00CA022F /* Base */,
			);
			name = LaunchScreen.storyboard;
			sourceTree = "<group>";
		};
/* End PBXVariantGroup section */

/* Begin XCBuildConfiguration section */
		587BA4B21F7ED0FF00CA022F /* Debug */ = {
			isa = XCBuildConfiguration;
			buildSettings = {
				ALWAYS_SEARCH_USER_PATHS = NO;
				CLANG_ANALYZER_NONNULL = YES;
				CLANG_ANALYZER_NUMBER_OBJECT_CONVERSION = YES_AGGRESSIVE;
				CLANG_CXX_LANGUAGE_STANDARD = "gnu++14";
				CLANG_CXX_LIBRARY = "libc++";
				CLANG_ENABLE_MODULES = YES;
				CLANG_ENABLE_OBJC_ARC = YES;
				CLANG_WARN_BLOCK_CAPTURE_AUTORELEASING = YES;
				CLANG_WARN_BOOL_CONVERSION = YES;
				CLANG_WARN_COMMA = YES;
				CLANG_WARN_CONSTANT_CONVERSION = YES;
				CLANG_WARN_DIRECT_OBJC_ISA_USAGE = YES_ERROR;
				CLANG_WARN_DOCUMENTATION_COMMENTS = YES;
				CLANG_WARN_EMPTY_BODY = YES;
				CLANG_WARN_ENUM_CONVERSION = YES;
				CLANG_WARN_INFINITE_RECURSION = YES;
				CLANG_WARN_INT_CONVERSION = YES;
				CLANG_WARN_NON_LITERAL_NULL_CONVERSION = YES;
				CLANG_WARN_OBJC_LITERAL_CONVERSION = YES;
				CLANG_WARN_OBJC_ROOT_CLASS = YES_ERROR;
				CLANG_WARN_RANGE_LOOP_ANALYSIS = YES;
				CLANG_WARN_STRICT_PROTOTYPES = YES;
				CLANG_WARN_SUSPICIOUS_MOVE = YES;
				CLANG_WARN_UNGUARDED_AVAILABILITY = YES_AGGRESSIVE;
				CLANG_WARN_UNREACHABLE_CODE = YES;
				CLANG_WARN__DUPLICATE_METHOD_MATCH = YES;
				CODE_SIGN_IDENTITY = "iPhone Developer";
				COPY_PHASE_STRIP = NO;
				DEBUG_INFORMATION_FORMAT = dwarf;
				ENABLE_STRICT_OBJC_MSGSEND = YES;
				ENABLE_TESTABILITY = YES;
				GCC_C_LANGUAGE_STANDARD = gnu11;
				GCC_DYNAMIC_NO_PIC = NO;
				GCC_NO_COMMON_BLOCKS = YES;
				GCC_OPTIMIZATION_LEVEL = 0;
				GCC_PREPROCESSOR_DEFINITIONS = (
					"DEBUG=1",
					"$(inherited)",
				);
				GCC_WARN_64_TO_32_BIT_CONVERSION = YES;
				GCC_WARN_ABOUT_RETURN_TYPE = YES_ERROR;
				GCC_WARN_UNDECLARED_SELECTOR = YES;
				GCC_WARN_UNINITIALIZED_AUTOS = YES_AGGRESSIVE;
				GCC_WARN_UNUSED_FUNCTION = YES;
				GCC_WARN_UNUSED_VARIABLE = YES;
				IPHONEOS_DEPLOYMENT_TARGET = 11.0;
				MTL_ENABLE_DEBUG_INFO = YES;
				ONLY_ACTIVE_ARCH = YES;
				SDKROOT = iphoneos;
				SWIFT_ACTIVE_COMPILATION_CONDITIONS = DEBUG;
				SWIFT_OPTIMIZATION_LEVEL = "-Onone";
			};
			name = Debug;
		};
		587BA4B31F7ED0FF00CA022F /* Release */ = {
			isa = XCBuildConfiguration;
			buildSettings = {
				ALWAYS_SEARCH_USER_PATHS = NO;
				CLANG_ANALYZER_NONNULL = YES;
				CLANG_ANALYZER_NUMBER_OBJECT_CONVERSION = YES_AGGRESSIVE;
				CLANG_CXX_LANGUAGE_STANDARD = "gnu++14";
				CLANG_CXX_LIBRARY = "libc++";
				CLANG_ENABLE_MODULES = YES;
				CLANG_ENABLE_OBJC_ARC = YES;
				CLANG_WARN_BLOCK_CAPTURE_AUTORELEASING = YES;
				CLANG_WARN_BOOL_CONVERSION = YES;
				CLANG_WARN_COMMA = YES;
				CLANG_WARN_CONSTANT_CONVERSION = YES;
				CLANG_WARN_DIRECT_OBJC_ISA_USAGE = YES_ERROR;
				CLANG_WARN_DOCUMENTATION_COMMENTS = YES;
				CLANG_WARN_EMPTY_BODY = YES;
				CLANG_WARN_ENUM_CONVERSION = YES;
				CLANG_WARN_INFINITE_RECURSION = YES;
				CLANG_WARN_INT_CONVERSION = YES;
				CLANG_WARN_NON_LITERAL_NULL_CONVERSION = YES;
				CLANG_WARN_OBJC_LITERAL_CONVERSION = YES;
				CLANG_WARN_OBJC_ROOT_CLASS = YES_ERROR;
				CLANG_WARN_RANGE_LOOP_ANALYSIS = YES;
				CLANG_WARN_STRICT_PROTOTYPES = YES;
				CLANG_WARN_SUSPICIOUS_MOVE = YES;
				CLANG_WARN_UNGUARDED_AVAILABILITY = YES_AGGRESSIVE;
				CLANG_WARN_UNREACHABLE_CODE = YES;
				CLANG_WARN__DUPLICATE_METHOD_MATCH = YES;
				CODE_SIGN_IDENTITY = "iPhone Developer";
				COPY_PHASE_STRIP = NO;
				DEBUG_INFORMATION_FORMAT = "dwarf-with-dsym";
				ENABLE_NS_ASSERTIONS = NO;
				ENABLE_STRICT_OBJC_MSGSEND = YES;
				GCC_C_LANGUAGE_STANDARD = gnu11;
				GCC_NO_COMMON_BLOCKS = YES;
				GCC_WARN_64_TO_32_BIT_CONVERSION = YES;
				GCC_WARN_ABOUT_RETURN_TYPE = YES_ERROR;
				GCC_WARN_UNDECLARED_SELECTOR = YES;
				GCC_WARN_UNINITIALIZED_AUTOS = YES_AGGRESSIVE;
				GCC_WARN_UNUSED_FUNCTION = YES;
				GCC_WARN_UNUSED_VARIABLE = YES;
				IPHONEOS_DEPLOYMENT_TARGET = 11.0;
				MTL_ENABLE_DEBUG_INFO = NO;
				SDKROOT = iphoneos;
				SWIFT_OPTIMIZATION_LEVEL = "-Owholemodule";
				VALIDATE_PRODUCT = YES;
			};
			name = Release;
		};
		587BA4B51F7ED0FF00CA022F /* Debug */ = {
			isa = XCBuildConfiguration;
			baseConfigurationReference = 310B75ACA67A62BAF76A3945 /* Pods-IP67-Desafio-Posts.debug.xcconfig */;
			buildSettings = {
				ASSETCATALOG_COMPILER_APPICON_NAME = AppIcon;
				CODE_SIGN_STYLE = Automatic;
				INFOPLIST_FILE = "IP67-Desafio-Posts/Info.plist";
				LD_RUNPATH_SEARCH_PATHS = "$(inherited) @executable_path/Frameworks";
				PRODUCT_BUNDLE_IDENTIFIER = "br.com.caelum.IP67-Desafio-Posts";
				PRODUCT_NAME = "$(TARGET_NAME)";
				SWIFT_VERSION = 4.0;
				TARGETED_DEVICE_FAMILY = "1,2";
			};
			name = Debug;
		};
		587BA4B61F7ED0FF00CA022F /* Release */ = {
			isa = XCBuildConfiguration;
			baseConfigurationReference = AE2FCD2970A3833A8739661F /* Pods-IP67-Desafio-Posts.release.xcconfig */;
			buildSettings = {
				ASSETCATALOG_COMPILER_APPICON_NAME = AppIcon;
				CODE_SIGN_STYLE = Automatic;
				INFOPLIST_FILE = "IP67-Desafio-Posts/Info.plist";
				LD_RUNPATH_SEARCH_PATHS = "$(inherited) @executable_path/Frameworks";
				PRODUCT_BUNDLE_IDENTIFIER = "br.com.caelum.IP67-Desafio-Posts";
				PRODUCT_NAME = "$(TARGET_NAME)";
				SWIFT_VERSION = 4.0;
				TARGETED_DEVICE_FAMILY = "1,2";
			};
			name = Release;
		};
/* End XCBuildConfiguration section */

/* Begin XCConfigurationList section */
		587BA49D1F7ED0FF00CA022F /* Build configuration list for PBXProject "IP67-Desafio-Posts" */ = {
			isa = XCConfigurationList;
			buildConfigurations = (
				587BA4B21F7ED0FF00CA022F /* Debug */,
				587BA4B31F7ED0FF00CA022F /* Release */,
			);
			defaultConfigurationIsVisible = 0;
			defaultConfigurationName = Release;
		};
		587BA4B41F7ED0FF00CA022F /* Build configuration list for PBXNativeTarget "IP67-Desafio-Posts" */ = {
			isa = XCConfigurationList;
			buildConfigurations = (
				587BA4B51F7ED0FF00CA022F /* Debug */,
				587BA4B61F7ED0FF00CA022F /* Release */,
			);
			defaultConfigurationIsVisible = 0;
			defaultConfigurationName = Release;
		};
/* End XCConfigurationList section */
	};
	rootObject = 587BA49A1F7ED0FF00CA022F /* Project object */;
}
